Microsoft Visual Studio Solution File, Format Version 12.00
# Visual Studio Version 17
VisualStudioVersion = 17.5.2.0
MinimumVisualStudioVersion = 10.0.40219.1
Project("{FAE04EC0-301F-11D3-BF4B-00C04F79EFBC}") = "SWBT", "SWBT.csproj", "{4383355E-7B4F-BAAF-EF7B-98D0CDEC2250}"
EndProject
Global
	GlobalSection(SolutionConfigurationPlatforms) = preSolution
		Debug|Any CPU = Debug|Any CPU
		Release|Any CPU = Release|Any CPU
	EndGlobalSection
	GlobalSection(ProjectConfigurationPlatforms) = postSolution
		{4383355E-7B4F-BAAF-EF7B-98D0CDEC2250}.Debug|Any CPU.ActiveCfg = Debug|Any CPU
		{4383355E-7B4F-BAAF-EF7B-98D0CDEC2250}.Debug|Any CPU.Build.0 = Debug|Any CPU
		{4383355E-7B4F-BAAF-EF7B-98D0CDEC2250}.Release|Any CPU.ActiveCfg = Release|Any CPU
		{4383355E-7B4F-BAAF-EF7B-98D0CDEC2250}.Release|Any CPU.Build.0 = Release|Any CPU
	EndGlobalSection
	GlobalSection(SolutionProperties) = preSolution
		HideSolutionNode = FALSE
	EndGlobalSection
	GlobalSection(ExtensibilityGlobals) = postSolution
		SolutionGuid = {FAE738A0-070A-4058-B325-841910FE22B5}
	EndGlobalSection
EndGlobal
